// !$*UTF8*$!
{
	archiveVersion = 1;
	classes = {
	};
	objectVersion = 46;
	objects = {

/* Begin PBXBuildFile section */
		2C41B99F193680B400F10D45 /* FetchUtils.h in Headers */ = {isa = PBXBuildFile; fileRef = 2C41B99D193680B400F10D45 /* FetchUtils.h */; };
		2C41B9A0193680B400F10D45 /* FetchUtils.m in Sources */ = {isa = PBXBuildFile; fileRef = 2C41B99E193680B400F10D45 /* FetchUtils.m */; };
		39B688AE1912F0A700CD48C7 /* FPANEUtils.h in Headers */ = {isa = PBXBuildFile; fileRef = 39B688AC1912F0A700CD48C7 /* FPANEUtils.h */; };
		39B688AF1912F0A700CD48C7 /* FPANEUtils.m in Sources */ = {isa = PBXBuildFile; fileRef = 39B688AD1912F0A700CD48C7 /* FPANEUtils.m */; };
		5A98569C15213BC3003A8EB0 /* Foundation.framework in Frameworks */ = {isa = PBXBuildFile; fileRef = 5A98569B15213BC3003A8EB0 /* Foundation.framework */; };
		FA8DA7FE16A46CB200CE1D10 /* AirBackgroundFetch-Prefix.pch in Headers */ = {isa = PBXBuildFile; fileRef = FA8DA7FB16A46CB200CE1D10 /* AirBackgroundFetch-Prefix.pch */; };
		FA8DA7FF16A46CB200CE1D10 /* AirBackgroundFetch.h in Headers */ = {isa = PBXBuildFile; fileRef = FA8DA7FC16A46CB200CE1D10 /* AirBackgroundFetch.h */; };
		FA8DA80016A46CB200CE1D10 /* AirBackgroundFetch.m in Sources */ = {isa = PBXBuildFile; fileRef = FA8DA7FD16A46CB200CE1D10 /* AirBackgroundFetch.m */; };
		FA8DA80216A46CD000CE1D10 /* UIKit.framework in Frameworks */ = {isa = PBXBuildFile; fileRef = FA8DA80116A46CD000CE1D10 /* UIKit.framework */; };
		FA8DA80716A46D4500CE1D10 /* FlashRuntimeExtensions.h in Headers */ = {isa = PBXBuildFile; fileRef = FA8DA80616A46D4500CE1D10 /* FlashRuntimeExtensions.h */; };
/* End PBXBuildFile section */

/* Begin PBXFileReference section */
		2C41B944193623A000F10D45 /* Songpop free-Info.plist */ = {isa = PBXFileReference; lastKnownFileType = text.plist.xml; path = "Songpop free-Info.plist"; sourceTree = "<group>"; };
		2C41B946193623A000F10D45 /* en */ = {isa = PBXFileReference; lastKnownFileType = text.plist.strings; name = en; path = en.lproj/InfoPlist.strings; sourceTree = "<group>"; };
		2C41B948193623A000F10D45 /* main.m */ = {isa = PBXFileReference; lastKnownFileType = sourcecode.c.objc; path = main.m; sourceTree = "<group>"; };
		2C41B94A193623A000F10D45 /* Songpop free-Prefix.pch */ = {isa = PBXFileReference; lastKnownFileType = sourcecode.c.h; path = "Songpop free-Prefix.pch"; sourceTree = "<group>"; };
		2C41B94B193623A000F10D45 /* AppDelegate.h */ = {isa = PBXFileReference; lastKnownFileType = sourcecode.c.h; path = AppDelegate.h; sourceTree = "<group>"; };
		2C41B94C193623A000F10D45 /* AppDelegate.m */ = {isa = PBXFileReference; lastKnownFileType = sourcecode.c.objc; path = AppDelegate.m; sourceTree = "<group>"; };
		2C41B94E193623A000F10D45 /* Images.xcassets */ = {isa = PBXFileReference; lastKnownFileType = folder.assetcatalog; path = Images.xcassets; sourceTree = "<group>"; };
		2C41B95C193623A000F10D45 /* Songpop freeTests-Info.plist */ = {isa = PBXFileReference; lastKnownFileType = text.plist.xml; path = "Songpop freeTests-Info.plist"; sourceTree = "<group>"; };
		2C41B95E193623A000F10D45 /* en */ = {isa = PBXFileReference; lastKnownFileType = text.plist.strings; name = en; path = en.lproj/InfoPlist.strings; sourceTree = "<group>"; };
		2C41B960193623A000F10D45 /* Songpop_freeTests.m */ = {isa = PBXFileReference; lastKnownFileType = sourcecode.c.objc; path = Songpop_freeTests.m; sourceTree = "<group>"; };
		2C41B9731936257F00F10D45 /* SongPop Free-Info.plist */ = {isa = PBXFileReference; lastKnownFileType = text.plist.xml; path = "SongPop Free-Info.plist"; sourceTree = "<group>"; };
		2C41B9751936257F00F10D45 /* en */ = {isa = PBXFileReference; lastKnownFileType = text.plist.strings; name = en; path = en.lproj/InfoPlist.strings; sourceTree = "<group>"; };
		2C41B9771936257F00F10D45 /* main.m */ = {isa = PBXFileReference; lastKnownFileType = sourcecode.c.objc; path = main.m; sourceTree = "<group>"; };
		2C41B9791936257F00F10D45 /* SongPop Free-Prefix.pch */ = {isa = PBXFileReference; lastKnownFileType = sourcecode.c.h; path = "SongPop Free-Prefix.pch"; sourceTree = "<group>"; };
		2C41B97A1936257F00F10D45 /* AppDelegate.h */ = {isa = PBXFileReference; lastKnownFileType = sourcecode.c.h; path = AppDelegate.h; sourceTree = "<group>"; };
		2C41B97B1936257F00F10D45 /* AppDelegate.m */ = {isa = PBXFileReference; lastKnownFileType = sourcecode.c.objc; path = AppDelegate.m; sourceTree = "<group>"; };
		2C41B97E1936257F00F10D45 /* Base */ = {isa = PBXFileReference; lastKnownFileType = file.storyboard; name = Base; path = Base.lproj/Main.storyboard; sourceTree = "<group>"; };
		2C41B9801936257F00F10D45 /* ViewController.h */ = {isa = PBXFileReference; lastKnownFileType = sourcecode.c.h; path = ViewController.h; sourceTree = "<group>"; };
		2C41B9811936257F00F10D45 /* ViewController.m */ = {isa = PBXFileReference; lastKnownFileType = sourcecode.c.objc; path = ViewController.m; sourceTree = "<group>"; };
		2C41B9831936257F00F10D45 /* Images.xcassets */ = {isa = PBXFileReference; lastKnownFileType = folder.assetcatalog; path = Images.xcassets; sourceTree = "<group>"; };
		2C41B9911936257F00F10D45 /* SongPop FreeTests-Info.plist */ = {isa = PBXFileReference; lastKnownFileType = text.plist.xml; path = "SongPop FreeTests-Info.plist"; sourceTree = "<group>"; };
		2C41B9931936257F00F10D45 /* en */ = {isa = PBXFileReference; lastKnownFileType = text.plist.strings; name = en; path = en.lproj/InfoPlist.strings; sourceTree = "<group>"; };
		2C41B9951936257F00F10D45 /* SongPop_FreeTests.m */ = {isa = PBXFileReference; lastKnownFileType = sourcecode.c.objc; path = SongPop_FreeTests.m; sourceTree = "<group>"; };
		2C41B99D193680B400F10D45 /* FetchUtils.h */ = {isa = PBXFileReference; fileEncoding = 4; lastKnownFileType = sourcecode.c.h; path = FetchUtils.h; sourceTree = "<group>"; };
		2C41B99E193680B400F10D45 /* FetchUtils.m */ = {isa = PBXFileReference; fileEncoding = 4; lastKnownFileType = sourcecode.c.objc; path = FetchUtils.m; sourceTree = "<group>"; };
		2CD01F87193551E000CEBD7E /* Application-Info.plist */ = {isa = PBXFileReference; lastKnownFileType = text.plist.xml; path = "Application-Info.plist"; sourceTree = "<group>"; };
		2CD01F89193551E000CEBD7E /* en */ = {isa = PBXFileReference; lastKnownFileType = text.plist.strings; name = en; path = en.lproj/InfoPlist.strings; sourceTree = "<group>"; };
		2CD01F8B193551E000CEBD7E /* main.m */ = {isa = PBXFileReference; lastKnownFileType = sourcecode.c.objc; path = main.m; sourceTree = "<group>"; };
		2CD01F8D193551E000CEBD7E /* Application-Prefix.pch */ = {isa = PBXFileReference; lastKnownFileType = sourcecode.c.h; path = "Application-Prefix.pch"; sourceTree = "<group>"; };
		2CD01F8E193551E000CEBD7E /* AppDelegate.h */ = {isa = PBXFileReference; lastKnownFileType = sourcecode.c.h; path = AppDelegate.h; sourceTree = "<group>"; };
		2CD01F8F193551E000CEBD7E /* AppDelegate.m */ = {isa = PBXFileReference; lastKnownFileType = sourcecode.c.objc; path = AppDelegate.m; sourceTree = "<group>"; };
		2CD01F91193551E000CEBD7E /* Images.xcassets */ = {isa = PBXFileReference; lastKnownFileType = folder.assetcatalog; path = Images.xcassets; sourceTree = "<group>"; };
		2CD01F98193551E000CEBD7E /* XCTest.framework */ = {isa = PBXFileReference; lastKnownFileType = wrapper.framework; name = XCTest.framework; path = Library/Frameworks/XCTest.framework; sourceTree = DEVELOPER_DIR; };
		2CD01FA0193551E000CEBD7E /* ApplicationTests-Info.plist */ = {isa = PBXFileReference; lastKnownFileType = text.plist.xml; path = "ApplicationTests-Info.plist"; sourceTree = "<group>"; };
		2CD01FA2193551E000CEBD7E /* en */ = {isa = PBXFileReference; lastKnownFileType = text.plist.strings; name = en; path = en.lproj/InfoPlist.strings; sourceTree = "<group>"; };
		2CD01FA4193551E000CEBD7E /* ApplicationTests.m */ = {isa = PBXFileReference; lastKnownFileType = sourcecode.c.objc; path = ApplicationTests.m; sourceTree = "<group>"; };
		2CD01FB7193621C100CEBD7E /* Application-Info.plist */ = {isa = PBXFileReference; lastKnownFileType = text.plist.xml; path = "Application-Info.plist"; sourceTree = "<group>"; };
		2CD01FB9193621C100CEBD7E /* en */ = {isa = PBXFileReference; lastKnownFileType = text.plist.strings; name = en; path = en.lproj/InfoPlist.strings; sourceTree = "<group>"; };
		2CD01FBB193621C100CEBD7E /* main.m */ = {isa = PBXFileReference; lastKnownFileType = sourcecode.c.objc; path = main.m; sourceTree = "<group>"; };
		2CD01FBD193621C100CEBD7E /* Application-Prefix.pch */ = {isa = PBXFileReference; lastKnownFileType = sourcecode.c.h; path = "Application-Prefix.pch"; sourceTree = "<group>"; };
		2CD01FBE193621C100CEBD7E /* AppDelegate.h */ = {isa = PBXFileReference; lastKnownFileType = sourcecode.c.h; path = AppDelegate.h; sourceTree = "<group>"; };
		2CD01FBF193621C100CEBD7E /* AppDelegate.m */ = {isa = PBXFileReference; lastKnownFileType = sourcecode.c.objc; path = AppDelegate.m; sourceTree = "<group>"; };
		2CD01FC2193621C100CEBD7E /* Base */ = {isa = PBXFileReference; lastKnownFileType = file.storyboard; name = Base; path = Base.lproj/Main.storyboard; sourceTree = "<group>"; };
		2CD01FC4193621C100CEBD7E /* ViewController.h */ = {isa = PBXFileReference; lastKnownFileType = sourcecode.c.h; path = ViewController.h; sourceTree = "<group>"; };
		2CD01FC5193621C100CEBD7E /* ViewController.m */ = {isa = PBXFileReference; lastKnownFileType = sourcecode.c.objc; path = ViewController.m; sourceTree = "<group>"; };
		2CD01FC7193621C100CEBD7E /* Images.xcassets */ = {isa = PBXFileReference; lastKnownFileType = folder.assetcatalog; path = Images.xcassets; sourceTree = "<group>"; };
		2CD01FD5193621C100CEBD7E /* ApplicationTests-Info.plist */ = {isa = PBXFileReference; lastKnownFileType = text.plist.xml; path = "ApplicationTests-Info.plist"; sourceTree = "<group>"; };
		2CD01FD7193621C100CEBD7E /* en */ = {isa = PBXFileReference; lastKnownFileType = text.plist.strings; name = en; path = en.lproj/InfoPlist.strings; sourceTree = "<group>"; };
		2CD01FD9193621C100CEBD7E /* ApplicationTests.m */ = {isa = PBXFileReference; lastKnownFileType = sourcecode.c.objc; path = ApplicationTests.m; sourceTree = "<group>"; };
		393C0B6D191851FA00CA7B4D /* CoreGraphics.framework */ = {isa = PBXFileReference; lastKnownFileType = wrapper.framework; name = CoreGraphics.framework; path = System/Library/Frameworks/CoreGraphics.framework; sourceTree = SDKROOT; };
		39B688AC1912F0A700CD48C7 /* FPANEUtils.h */ = {isa = PBXFileReference; fileEncoding = 4; lastKnownFileType = sourcecode.c.h; path = FPANEUtils.h; sourceTree = "<group>"; };
		39B688AD1912F0A700CD48C7 /* FPANEUtils.m */ = {isa = PBXFileReference; fileEncoding = 4; lastKnownFileType = sourcecode.c.objc; path = FPANEUtils.m; sourceTree = "<group>"; };
		5A98569815213BC3003A8EB0 /* libAirBackgroundFetch.a */ = {isa = PBXFileReference; explicitFileType = archive.ar; includeInIndex = 0; path = libAirBackgroundFetch.a; sourceTree = BUILT_PRODUCTS_DIR; };
		5A98569B15213BC3003A8EB0 /* Foundation.framework */ = {isa = PBXFileReference; lastKnownFileType = wrapper.framework; name = Foundation.framework; path = System/Library/Frameworks/Foundation.framework; sourceTree = SDKROOT; };
		FA8DA7FB16A46CB200CE1D10 /* AirBackgroundFetch-Prefix.pch */ = {isa = PBXFileReference; fileEncoding = 4; lastKnownFileType = sourcecode.c.h; path = "AirBackgroundFetch-Prefix.pch"; sourceTree = "<group>"; };
		FA8DA7FC16A46CB200CE1D10 /* AirBackgroundFetch.h */ = {isa = PBXFileReference; fileEncoding = 4; lastKnownFileType = sourcecode.c.h; path = AirBackgroundFetch.h; sourceTree = "<group>"; };
		FA8DA7FD16A46CB200CE1D10 /* AirBackgroundFetch.m */ = {isa = PBXFileReference; fileEncoding = 4; lastKnownFileType = sourcecode.c.objc; path = AirBackgroundFetch.m; sourceTree = "<group>"; };
		FA8DA80116A46CD000CE1D10 /* UIKit.framework */ = {isa = PBXFileReference; lastKnownFileType = wrapper.framework; name = UIKit.framework; path = System/Library/Frameworks/UIKit.framework; sourceTree = SDKROOT; };
		FA8DA80616A46D4500CE1D10 /* FlashRuntimeExtensions.h */ = {isa = PBXFileReference; fileEncoding = 4; lastKnownFileType = sourcecode.c.h; path = FlashRuntimeExtensions.h; sourceTree = "<group>"; };
/* End PBXFileReference section */

/* Begin PBXFrameworksBuildPhase section */
		5A98569515213BC3003A8EB0 /* Frameworks */ = {
			isa = PBXFrameworksBuildPhase;
			buildActionMask = 2147483647;
			files = (
				FA8DA80216A46CD000CE1D10 /* UIKit.framework in Frameworks */,
				5A98569C15213BC3003A8EB0 /* Foundation.framework in Frameworks */,
			);
			runOnlyForDeploymentPostprocessing = 0;
		};
/* End PBXFrameworksBuildPhase section */

/* Begin PBXGroup section */
		2C41B942193623A000F10D45 /* Songpop free */ = {
			isa = PBXGroup;
			children = (
				2C41B94B193623A000F10D45 /* AppDelegate.h */,
				2C41B94C193623A000F10D45 /* AppDelegate.m */,
				2C41B94E193623A000F10D45 /* Images.xcassets */,
				2C41B943193623A000F10D45 /* Supporting Files */,
			);
			path = "Songpop free";
			sourceTree = "<group>";
		};
		2C41B943193623A000F10D45 /* Supporting Files */ = {
			isa = PBXGroup;
			children = (
				2C41B944193623A000F10D45 /* Songpop free-Info.plist */,
				2C41B945193623A000F10D45 /* InfoPlist.strings */,
				2C41B948193623A000F10D45 /* main.m */,
				2C41B94A193623A000F10D45 /* Songpop free-Prefix.pch */,
			);
			name = "Supporting Files";
			sourceTree = "<group>";
		};
		2C41B95A193623A000F10D45 /* Songpop freeTests */ = {
			isa = PBXGroup;
			children = (
				2C41B960193623A000F10D45 /* Songpop_freeTests.m */,
				2C41B95B193623A000F10D45 /* Supporting Files */,
			);
			path = "Songpop freeTests";
			sourceTree = "<group>";
		};
		2C41B95B193623A000F10D45 /* Supporting Files */ = {
			isa = PBXGroup;
			children = (
				2C41B95C193623A000F10D45 /* Songpop freeTests-Info.plist */,
				2C41B95D193623A000F10D45 /* InfoPlist.strings */,
			);
			name = "Supporting Files";
			sourceTree = "<group>";
		};
		2C41B9711936257F00F10D45 /* SongPop Free */ = {
			isa = PBXGroup;
			children = (
				2C41B97A1936257F00F10D45 /* AppDelegate.h */,
				2C41B97B1936257F00F10D45 /* AppDelegate.m */,
				2C41B97D1936257F00F10D45 /* Main.storyboard */,
				2C41B9801936257F00F10D45 /* ViewController.h */,
				2C41B9811936257F00F10D45 /* ViewController.m */,
				2C41B9831936257F00F10D45 /* Images.xcassets */,
				2C41B9721936257F00F10D45 /* Supporting Files */,
			);
			path = "SongPop Free";
			sourceTree = "<group>";
		};
		2C41B9721936257F00F10D45 /* Supporting Files */ = {
			isa = PBXGroup;
			children = (
				2C41B9731936257F00F10D45 /* SongPop Free-Info.plist */,
				2C41B9741936257F00F10D45 /* InfoPlist.strings */,
				2C41B9771936257F00F10D45 /* main.m */,
				2C41B9791936257F00F10D45 /* SongPop Free-Prefix.pch */,
			);
			name = "Supporting Files";
			sourceTree = "<group>";
		};
		2C41B98F1936257F00F10D45 /* SongPop FreeTests */ = {
			isa = PBXGroup;
			children = (
				2C41B9951936257F00F10D45 /* SongPop_FreeTests.m */,
				2C41B9901936257F00F10D45 /* Supporting Files */,
			);
			path = "SongPop FreeTests";
			sourceTree = "<group>";
		};
		2C41B9901936257F00F10D45 /* Supporting Files */ = {
			isa = PBXGroup;
			children = (
				2C41B9911936257F00F10D45 /* SongPop FreeTests-Info.plist */,
				2C41B9921936257F00F10D45 /* InfoPlist.strings */,
			);
			name = "Supporting Files";
			sourceTree = "<group>";
		};
		2CD01F85193551E000CEBD7E /* Application */ = {
			isa = PBXGroup;
			children = (
				2CD01F8E193551E000CEBD7E /* AppDelegate.h */,
				2CD01F8F193551E000CEBD7E /* AppDelegate.m */,
				2CD01F91193551E000CEBD7E /* Images.xcassets */,
				2CD01F86193551E000CEBD7E /* Supporting Files */,
			);
			path = Application;
			sourceTree = "<group>";
		};
		2CD01F86193551E000CEBD7E /* Supporting Files */ = {
			isa = PBXGroup;
			children = (
				2CD01F87193551E000CEBD7E /* Application-Info.plist */,
				2CD01F88193551E000CEBD7E /* InfoPlist.strings */,
				2CD01F8B193551E000CEBD7E /* main.m */,
				2CD01F8D193551E000CEBD7E /* Application-Prefix.pch */,
			);
			name = "Supporting Files";
			sourceTree = "<group>";
		};
		2CD01F9E193551E000CEBD7E /* ApplicationTests */ = {
			isa = PBXGroup;
			children = (
				2CD01FA4193551E000CEBD7E /* ApplicationTests.m */,
				2CD01F9F193551E000CEBD7E /* Supporting Files */,
			);
			path = ApplicationTests;
			sourceTree = "<group>";
		};
		2CD01F9F193551E000CEBD7E /* Supporting Files */ = {
			isa = PBXGroup;
			children = (
				2CD01FA0193551E000CEBD7E /* ApplicationTests-Info.plist */,
				2CD01FA1193551E000CEBD7E /* InfoPlist.strings */,
			);
			name = "Supporting Files";
			sourceTree = "<group>";
		};
		2CD01FB5193621C100CEBD7E /* Application */ = {
			isa = PBXGroup;
			children = (
				2CD01FBE193621C100CEBD7E /* AppDelegate.h */,
				2CD01FBF193621C100CEBD7E /* AppDelegate.m */,
				2CD01FC1193621C100CEBD7E /* Main.storyboard */,
				2CD01FC4193621C100CEBD7E /* ViewController.h */,
				2CD01FC5193621C100CEBD7E /* ViewController.m */,
				2CD01FC7193621C100CEBD7E /* Images.xcassets */,
				2CD01FB6193621C100CEBD7E /* Supporting Files */,
			);
			path = Application;
			sourceTree = "<group>";
		};
		2CD01FB6193621C100CEBD7E /* Supporting Files */ = {
			isa = PBXGroup;
			children = (
				2CD01FB7193621C100CEBD7E /* Application-Info.plist */,
				2CD01FB8193621C100CEBD7E /* InfoPlist.strings */,
				2CD01FBB193621C100CEBD7E /* main.m */,
				2CD01FBD193621C100CEBD7E /* Application-Prefix.pch */,
			);
			name = "Supporting Files";
			sourceTree = "<group>";
		};
		2CD01FD3193621C100CEBD7E /* ApplicationTests */ = {
			isa = PBXGroup;
			children = (
				2CD01FD9193621C100CEBD7E /* ApplicationTests.m */,
				2CD01FD4193621C100CEBD7E /* Supporting Files */,
			);
			path = ApplicationTests;
			sourceTree = "<group>";
		};
		2CD01FD4193621C100CEBD7E /* Supporting Files */ = {
			isa = PBXGroup;
			children = (
				2CD01FD5193621C100CEBD7E /* ApplicationTests-Info.plist */,
				2CD01FD6193621C100CEBD7E /* InfoPlist.strings */,
			);
			name = "Supporting Files";
			sourceTree = "<group>";
		};
		5A98568D15213BC2003A8EB0 = {
			isa = PBXGroup;
			children = (
				FA8DA7FA16A46CB200CE1D10 /* AirBackgroundFetch */,
				2CD01F85193551E000CEBD7E /* Application */,
				2CD01F9E193551E000CEBD7E /* ApplicationTests */,
				2CD01FB5193621C100CEBD7E /* Application */,
				2CD01FD3193621C100CEBD7E /* ApplicationTests */,
				2C41B942193623A000F10D45 /* Songpop free */,
				2C41B95A193623A000F10D45 /* Songpop freeTests */,
				2C41B9711936257F00F10D45 /* SongPop Free */,
				2C41B98F1936257F00F10D45 /* SongPop FreeTests */,
				5A98569A15213BC3003A8EB0 /* Frameworks */,
				5A98569915213BC3003A8EB0 /* Products */,
			);
			sourceTree = "<group>";
		};
		5A98569915213BC3003A8EB0 /* Products */ = {
			isa = PBXGroup;
			children = (
				5A98569815213BC3003A8EB0 /* libAirBackgroundFetch.a */,
			);
			name = Products;
			sourceTree = "<group>";
		};
		5A98569A15213BC3003A8EB0 /* Frameworks */ = {
			isa = PBXGroup;
			children = (
				5A98569B15213BC3003A8EB0 /* Foundation.framework */,
				FA8DA80116A46CD000CE1D10 /* UIKit.framework */,
				393C0B6D191851FA00CA7B4D /* CoreGraphics.framework */,
				2CD01F98193551E000CEBD7E /* XCTest.framework */,
			);
			name = Frameworks;
			sourceTree = "<group>";
		};
		FA8DA7FA16A46CB200CE1D10 /* AirBackgroundFetch */ = {
			isa = PBXGroup;
			children = (
				FA8DA7FC16A46CB200CE1D10 /* AirBackgroundFetch.h */,
				FA8DA7FD16A46CB200CE1D10 /* AirBackgroundFetch.m */,
				FA8DA80516A46CFF00CE1D10 /* Supporting Files */,
			);
			path = AirBackgroundFetch;
			sourceTree = "<group>";
		};
		FA8DA80516A46CFF00CE1D10 /* Supporting Files */ = {
			isa = PBXGroup;
			children = (
				39B688AC1912F0A700CD48C7 /* FPANEUtils.h */,
				39B688AD1912F0A700CD48C7 /* FPANEUtils.m */,
				FA8DA7FB16A46CB200CE1D10 /* AirBackgroundFetch-Prefix.pch */,
				FA8DA80616A46D4500CE1D10 /* FlashRuntimeExtensions.h */,
				2C41B99D193680B400F10D45 /* FetchUtils.h */,
				2C41B99E193680B400F10D45 /* FetchUtils.m */,
			);
			name = "Supporting Files";
			sourceTree = "<group>";
		};
/* End PBXGroup section */

/* Begin PBXHeadersBuildPhase section */
		5A98569615213BC3003A8EB0 /* Headers */ = {
			isa = PBXHeadersBuildPhase;
			buildActionMask = 2147483647;
			files = (
				FA8DA7FE16A46CB200CE1D10 /* AirBackgroundFetch-Prefix.pch in Headers */,
				39B688AE1912F0A700CD48C7 /* FPANEUtils.h in Headers */,
				FA8DA7FF16A46CB200CE1D10 /* AirBackgroundFetch.h in Headers */,
				2C41B99F193680B400F10D45 /* FetchUtils.h in Headers */,
				FA8DA80716A46D4500CE1D10 /* FlashRuntimeExtensions.h in Headers */,
			);
			runOnlyForDeploymentPostprocessing = 0;
		};
/* End PBXHeadersBuildPhase section */

/* Begin PBXNativeTarget section */
		5A98569715213BC3003A8EB0 /* AirBackgroundFetch */ = {
			isa = PBXNativeTarget;
			buildConfigurationList = 5A9856A515213BC3003A8EB0 /* Build configuration list for PBXNativeTarget "AirBackgroundFetch" */;
			buildPhases = (
				5A98569415213BC3003A8EB0 /* Sources */,
				5A98569515213BC3003A8EB0 /* Frameworks */,
				5A98569615213BC3003A8EB0 /* Headers */,
			);
			buildRules = (
			);
			dependencies = (
			);
			name = AirBackgroundFetch;
			productName = AirFacebook;
			productReference = 5A98569815213BC3003A8EB0 /* libAirBackgroundFetch.a */;
			productType = "com.apple.product-type.library.static";
		};
/* End PBXNativeTarget section */

/* Begin PBXProject section */
		5A98568F15213BC2003A8EB0 /* Project object */ = {
			isa = PBXProject;
			attributes = {
				LastUpgradeCheck = 0510;
			};
			buildConfigurationList = 5A98569215213BC2003A8EB0 /* Build configuration list for PBXProject "AirBackgroundFetch" */;
			compatibilityVersion = "Xcode 3.2";
			developmentRegion = English;
			hasScannedForEncodings = 0;
			knownRegions = (
				en,
				Base,
			);
			mainGroup = 5A98568D15213BC2003A8EB0;
			productRefGroup = 5A98569915213BC3003A8EB0 /* Products */;
			projectDirPath = "";
			projectRoot = "";
			targets = (
				5A98569715213BC3003A8EB0 /* AirBackgroundFetch */,
			);
		};
/* End PBXProject section */

/* Begin PBXSourcesBuildPhase section */
		5A98569415213BC3003A8EB0 /* Sources */ = {
			isa = PBXSourcesBuildPhase;
			buildActionMask = 2147483647;
			files = (
				2C41B9A0193680B400F10D45 /* FetchUtils.m in Sources */,
				39B688AF1912F0A700CD48C7 /* FPANEUtils.m in Sources */,
				FA8DA80016A46CB200CE1D10 /* AirBackgroundFetch.m in Sources */,
			);
			runOnlyForDeploymentPostprocessing = 0;
		};
/* End PBXSourcesBuildPhase section */

/* Begin PBXVariantGroup section */
		2C41B945193623A000F10D45 /* InfoPlist.strings */ = {
			isa = PBXVariantGroup;
			children = (
				2C41B946193623A000F10D45 /* en */,
			);
			name = InfoPlist.strings;
			sourceTree = "<group>";
		};
		2C41B95D193623A000F10D45 /* InfoPlist.strings */ = {
			isa = PBXVariantGroup;
			children = (
				2C41B95E193623A000F10D45 /* en */,
			);
			name = InfoPlist.strings;
			sourceTree = "<group>";
		};
		2C41B9741936257F00F10D45 /* InfoPlist.strings */ = {
			isa = PBXVariantGroup;
			children = (
				2C41B9751936257F00F10D45 /* en */,
			);
			name = InfoPlist.strings;
			sourceTree = "<group>";
		};
		2C41B97D1936257F00F10D45 /* Main.storyboard */ = {
			isa = PBXVariantGroup;
			children = (
				2C41B97E1936257F00F10D45 /* Base */,
			);
			name = Main.storyboard;
			sourceTree = "<group>";
		};
		2C41B9921936257F00F10D45 /* InfoPlist.strings */ = {
			isa = PBXVariantGroup;
			children = (
				2C41B9931936257F00F10D45 /* en */,
			);
			name = InfoPlist.strings;
			sourceTree = "<group>";
		};
		2CD01F88193551E000CEBD7E /* InfoPlist.strings */ = {
			isa = PBXVariantGroup;
			children = (
				2CD01F89193551E000CEBD7E /* en */,
			);
			name = InfoPlist.strings;
			sourceTree = "<group>";
		};
		2CD01FA1193551E000CEBD7E /* InfoPlist.strings */ = {
			isa = PBXVariantGroup;
			children = (
				2CD01FA2193551E000CEBD7E /* en */,
			);
			name = InfoPlist.strings;
			sourceTree = "<group>";
		};
		2CD01FB8193621C100CEBD7E /* InfoPlist.strings */ = {
			isa = PBXVariantGroup;
			children = (
				2CD01FB9193621C100CEBD7E /* en */,
			);
			name = InfoPlist.strings;
			sourceTree = "<group>";
		};
		2CD01FC1193621C100CEBD7E /* Main.storyboard */ = {
			isa = PBXVariantGroup;
			children = (
				2CD01FC2193621C100CEBD7E /* Base */,
			);
			name = Main.storyboard;
			sourceTree = "<group>";
		};
		2CD01FD6193621C100CEBD7E /* InfoPlist.strings */ = {
			isa = PBXVariantGroup;
			children = (
				2CD01FD7193621C100CEBD7E /* en */,
			);
			name = InfoPlist.strings;
			sourceTree = "<group>";
		};
/* End PBXVariantGroup section */

/* Begin XCBuildConfiguration section */
		5A9856A315213BC3003A8EB0 /* Debug */ = {
			isa = XCBuildConfiguration;
			buildSettings = {
				ALWAYS_SEARCH_USER_PATHS = NO;
				CLANG_WARN_BOOL_CONVERSION = YES;
				CLANG_WARN_CONSTANT_CONVERSION = YES;
				CLANG_WARN_EMPTY_BODY = YES;
				CLANG_WARN_ENUM_CONVERSION = YES;
				CLANG_WARN_INT_CONVERSION = YES;
				CLANG_WARN__DUPLICATE_METHOD_MATCH = YES;
				COPY_PHASE_STRIP = NO;
				GCC_C_LANGUAGE_STANDARD = gnu99;
				GCC_DYNAMIC_NO_PIC = NO;
				GCC_OPTIMIZATION_LEVEL = 0;
				GCC_PREPROCESSOR_DEFINITIONS = (
					"DEBUG=1",
					"$(inherited)",
				);
				GCC_SYMBOLS_PRIVATE_EXTERN = NO;
				GCC_VERSION = com.apple.compilers.llvm.clang.1_0;
				GCC_WARN_64_TO_32_BIT_CONVERSION = YES;
				GCC_WARN_ABOUT_MISSING_PROTOTYPES = YES;
				GCC_WARN_ABOUT_RETURN_TYPE = YES;
				GCC_WARN_UNDECLARED_SELECTOR = YES;
				GCC_WARN_UNINITIALIZED_AUTOS = YES;
				GCC_WARN_UNUSED_FUNCTION = YES;
				GCC_WARN_UNUSED_VARIABLE = YES;
				IPHONEOS_DEPLOYMENT_TARGET = 4.3;
				ONLY_ACTIVE_ARCH = YES;
				SDKROOT = iphoneos;
			};
			name = Debug;
		};
		5A9856A415213BC3003A8EB0 /* Release */ = {
			isa = XCBuildConfiguration;
			buildSettings = {
				ALWAYS_SEARCH_USER_PATHS = NO;
				CLANG_WARN_BOOL_CONVERSION = YES;
				CLANG_WARN_CONSTANT_CONVERSION = YES;
				CLANG_WARN_EMPTY_BODY = YES;
				CLANG_WARN_ENUM_CONVERSION = YES;
				CLANG_WARN_INT_CONVERSION = YES;
				CLANG_WARN__DUPLICATE_METHOD_MATCH = YES;
				COPY_PHASE_STRIP = YES;
				GCC_C_LANGUAGE_STANDARD = gnu99;
				GCC_VERSION = com.apple.compilers.llvm.clang.1_0;
				GCC_WARN_64_TO_32_BIT_CONVERSION = YES;
				GCC_WARN_ABOUT_MISSING_PROTOTYPES = YES;
				GCC_WARN_ABOUT_RETURN_TYPE = YES;
				GCC_WARN_UNDECLARED_SELECTOR = YES;
				GCC_WARN_UNINITIALIZED_AUTOS = YES;
				GCC_WARN_UNUSED_FUNCTION = YES;
				GCC_WARN_UNUSED_VARIABLE = YES;
				IPHONEOS_DEPLOYMENT_TARGET = 4.3;
				SDKROOT = iphoneos;
				VALIDATE_PRODUCT = YES;
			};
			name = Release;
		};
		5A9856A615213BC3003A8EB0 /* Debug */ = {
			isa = XCBuildConfiguration;
			buildSettings = {
				DSTROOT = /tmp/AirBackgroundFetch.dst;
				FRAMEWORK_SEARCH_PATHS = "$(inherited)";
				GCC_PRECOMPILE_PREFIX_HEADER = YES;
				GCC_PREFIX_HEADER = "AirBackgroundFetch/AirBackgroundFetch-Prefix.pch";
				GCC_VERSION = com.apple.compilers.llvm.clang.1_0;
				GCC_WARN_ABOUT_MISSING_PROTOTYPES = NO;
				INFOPLIST_FILE = "";
				INSTALL_PATH = ../;
				LIBRARY_SEARCH_PATHS = "";
				OTHER_LDFLAGS = "-ObjC";
				PRODUCT_NAME = AirBackgroundFetch;
				SKIP_INSTALL = NO;
				TARGETED_DEVICE_FAMILY = "1,2";
			};
			name = Debug;
		};
		5A9856A715213BC3003A8EB0 /* Release */ = {
			isa = XCBuildConfiguration;
			buildSettings = {
				DSTROOT = /tmp/AirBackgroundFetch.dst;
				FRAMEWORK_SEARCH_PATHS = "$(inherited)";
				GCC_PRECOMPILE_PREFIX_HEADER = YES;
				GCC_PREFIX_HEADER = "AirBackgroundFetch/AirBackgroundFetch-Prefix.pch";
				GCC_VERSION = com.apple.compilers.llvm.clang.1_0;
				GCC_WARN_ABOUT_MISSING_PROTOTYPES = NO;
				INSTALL_PATH = ../;
				LIBRARY_SEARCH_PATHS = "";
				OTHER_LDFLAGS = "-ObjC";
				PRODUCT_NAME = AirBackgroundFetch;
				SKIP_INSTALL = NO;
				TARGETED_DEVICE_FAMILY = "1,2";
			};
			name = Release;
		};
/* End XCBuildConfiguration section */

/* Begin XCConfigurationList section */
		5A98569215213BC2003A8EB0 /* Build configuration list for PBXProject "AirBackgroundFetch" */ = {
			isa = XCConfigurationList;
			buildConfigurations = (
				5A9856A315213BC3003A8EB0 /* Debug */,
				5A9856A415213BC3003A8EB0 /* Release */,
			);
			defaultConfigurationIsVisible = 0;
			defaultConfigurationName = Release;
		};
		5A9856A515213BC3003A8EB0 /* Build configuration list for PBXNativeTarget "AirBackgroundFetch" */ = {
			isa = XCConfigurationList;
			buildConfigurations = (
				5A9856A615213BC3003A8EB0 /* Debug */,
				5A9856A715213BC3003A8EB0 /* Release */,
			);
			defaultConfigurationIsVisible = 0;
			defaultConfigurationName = Release;
		};
/* End XCConfigurationList section */
	};
	rootObject = 5A98568F15213BC2003A8EB0 /* Project object */;
}
